
Microsoft Visual Studio Solution File, Format Version 12.00
# Visual Studio Version 17
VisualStudioVersion = 17.3.32825.248
MinimumVisualStudioVersion = 10.0.40219.1
Project("{9A19103F-16F7-4668-BE54-9A1E7A4F7556}") = "Ant-Table-Demo", "Ant-Table-Demo\Ant-Table-Demo.csproj", "{8FA60F9E-5AA5-4A8D-A33C-04CFBE448D0A}"
EndProject
Project("{9A19103F-16F7-4668-BE54-9A1E7A4F7556}") = "Ant-Button-Demo", "Ant-Button-Demo\Ant-Button-Demo.csproj", "{82E5A64B-EDD9-4364-9AAF-CC71FE57474C}"
EndProject
Project("{9A19103F-16F7-4668-BE54-9A1E7A4F7556}") = "Ant-Grid-Demo", "Ant-Grid-Demo\Ant-Grid-Demo.csproj", "{34279070-0C9D-4063-A466-7CCC9F786A66}"
EndProject
Project("{9A19103F-16F7-4668-BE54-9A1E7A4F7556}") = "Ant-Form-Demo", "Ant-Form-Demo\Ant-Form-Demo.csproj", "{05749AFD-9A21-431B-96D1-88F07997DFE2}"
EndProject
Project("{9A19103F-16F7-4668-BE54-9A1E7A4F7556}") = "Ant-Dropdown-Demo", "Ant-Dropdown-Demo\Ant-Dropdown-Demo.csproj", "{F4FF1C77-BFCE-45B4-ADA8-C2D4E31FDA9B}"
EndProject
Project("{9A19103F-16F7-4668-BE54-9A1E7A4F7556}") = "Ant-Charts-Demo", "Ant-Charts-Demo\Ant-Charts-Demo.csproj", "{A1438AD2-C515-43D7-A127-1C4061C866BD}"
EndProject
Project("{9A19103F-16F7-4668-BE54-9A1E7A4F7556}") = "Ant-Menu-Demo", "Ant-Menu-Demo\Ant-Menu-Demo.csproj", "{E54001FE-56E2-49F2-9357-6C8A254A3CA9}"
EndProject
Project("{9A19103F-16F7-4668-BE54-9A1E7A4F7556}") = "Ant-Statistic-Demo", "Ant-Statistic-Demo\Ant-Statistic-Demo.csproj", "{D627FD6B-DB0B-4A9D-BEA6-EEB4639C96DA}"
EndProject
Project("{9A19103F-16F7-4668-BE54-9A1E7A4F7556}") = "Ant-Modal-Demo", "Ant-Modal-Demo\Ant-Modal-Demo.csproj", "{F843E16F-9BEB-4271-8283-4C816C54FA85}"
EndProject
Project("{9A19103F-16F7-4668-BE54-9A1E7A4F7556}") = "Ant-Transfer-Demo", "Ant-Transfer-Demo\Ant-Transfer-Demo.csproj", "{00C65838-9F11-4E3A-B6B2-4CA852DB4C98}"
EndProject
Project("{9A19103F-16F7-4668-BE54-9A1E7A4F7556}") = "Ant-Layout-Demo", "Ant-Layout-Demo\Ant-Layout-Demo.csproj", "{DE07C1DC-9823-42A9-B3C6-4EC6FD0733DB}"
EndProject
Project("{9A19103F-16F7-4668-BE54-9A1E7A4F7556}") = "Ant-Select-Demo", "Ant-Select-Demo\Ant-Select-Demo.csproj", "{E62D6FF3-1DB2-474A-9BBD-F72EF3BE5F28}"
EndProject
Project("{FAE04EC0-301F-11D3-BF4B-00C04F79EFBC}") = "Ant-Pagination-Demo", "Ant-Pagination-Demo\Ant-Pagination-Demo.csproj", "{7A8F069F-AB10-4A22-9904-5033405C1C52}"
EndProject
Global
	GlobalSection(SolutionConfigurationPlatforms) = preSolution
		Debug|Any CPU = Debug|Any CPU
		Release|Any CPU = Release|Any CPU
	EndGlobalSection
	GlobalSection(ProjectConfigurationPlatforms) = postSolution
		{8FA60F9E-5AA5-4A8D-A33C-04CFBE448D0A}.Debug|Any CPU.ActiveCfg = Debug|Any CPU
		{8FA60F9E-5AA5-4A8D-A33C-04CFBE448D0A}.Debug|Any CPU.Build.0 = Debug|Any CPU
		{8FA60F9E-5AA5-4A8D-A33C-04CFBE448D0A}.Release|Any CPU.ActiveCfg = Release|Any CPU
		{8FA60F9E-5AA5-4A8D-A33C-04CFBE448D0A}.Release|Any CPU.Build.0 = Release|Any CPU
		{82E5A64B-EDD9-4364-9AAF-CC71FE57474C}.Debug|Any CPU.ActiveCfg = Debug|Any CPU
		{82E5A64B-EDD9-4364-9AAF-CC71FE57474C}.Debug|Any CPU.Build.0 = Debug|Any CPU
		{82E5A64B-EDD9-4364-9AAF-CC71FE57474C}.Release|Any CPU.ActiveCfg = Release|Any CPU
		{82E5A64B-EDD9-4364-9AAF-CC71FE57474C}.Release|Any CPU.Build.0 = Release|Any CPU
		{34279070-0C9D-4063-A466-7CCC9F786A66}.Debug|Any CPU.ActiveCfg = Debug|Any CPU
		{34279070-0C9D-4063-A466-7CCC9F786A66}.Debug|Any CPU.Build.0 = Debug|Any CPU
		{34279070-0C9D-4063-A466-7CCC9F786A66}.Release|Any CPU.ActiveCfg = Release|Any CPU
		{34279070-0C9D-4063-A466-7CCC9F786A66}.Release|Any CPU.Build.0 = Release|Any CPU
		{05749AFD-9A21-431B-96D1-88F07997DFE2}.Debug|Any CPU.ActiveCfg = Debug|Any CPU
		{05749AFD-9A21-431B-96D1-88F07997DFE2}.Debug|Any CPU.Build.0 = Debug|Any CPU
		{05749AFD-9A21-431B-96D1-88F07997DFE2}.Release|Any CPU.ActiveCfg = Release|Any CPU
		{05749AFD-9A21-431B-96D1-88F07997DFE2}.Release|Any CPU.Build.0 = Release|Any CPU
		{F4FF1C77-BFCE-45B4-ADA8-C2D4E31FDA9B}.Debug|Any CPU.ActiveCfg = Debug|Any CPU
		{F4FF1C77-BFCE-45B4-ADA8-C2D4E31FDA9B}.Debug|Any CPU.Build.0 = Debug|Any CPU
		{F4FF1C77-BFCE-45B4-ADA8-C2D4E31FDA9B}.Release|Any CPU.ActiveCfg = Release|Any CPU
		{F4FF1C77-BFCE-45B4-ADA8-C2D4E31FDA9B}.Release|Any CPU.Build.0 = Release|Any CPU
		{A1438AD2-C515-43D7-A127-1C4061C866BD}.Debug|Any CPU.ActiveCfg = Debug|Any CPU
		{A1438AD2-C515-43D7-A127-1C4061C866BD}.Debug|Any CPU.Build.0 = Debug|Any CPU
		{A1438AD2-C515-43D7-A127-1C4061C866BD}.Release|Any CPU.ActiveCfg = Release|Any CPU
		{A1438AD2-C515-43D7-A127-1C4061C866BD}.Release|Any CPU.Build.0 = Release|Any CPU
		{E54001FE-56E2-49F2-9357-6C8A254A3CA9}.Debug|Any CPU.ActiveCfg = Debug|Any CPU
		{E54001FE-56E2-49F2-9357-6C8A254A3CA9}.Debug|Any CPU.Build.0 = Debug|Any CPU
		{E54001FE-56E2-49F2-9357-6C8A254A3CA9}.Release|Any CPU.ActiveCfg = Release|Any CPU
		{E54001FE-56E2-49F2-9357-6C8A254A3CA9}.Release|Any CPU.Build.0 = Release|Any CPU
		{D627FD6B-DB0B-4A9D-BEA6-EEB4639C96DA}.Debug|Any CPU.ActiveCfg = Debug|Any CPU
		{D627FD6B-DB0B-4A9D-BEA6-EEB4639C96DA}.Debug|Any CPU.Build.0 = Debug|Any CPU
		{D627FD6B-DB0B-4A9D-BEA6-EEB4639C96DA}.Release|Any CPU.ActiveCfg = Release|Any CPU
		{D627FD6B-DB0B-4A9D-BEA6-EEB4639C96DA}.Release|Any CPU.Build.0 = Release|Any CPU
		{F843E16F-9BEB-4271-8283-4C816C54FA85}.Debug|Any CPU.ActiveCfg = Debug|Any CPU
		{F843E16F-9BEB-4271-8283-4C816C54FA85}.Debug|Any CPU.Build.0 = Debug|Any CPU
		{F843E16F-9BEB-4271-8283-4C816C54FA85}.Release|Any CPU.ActiveCfg = Release|Any CPU
		{F843E16F-9BEB-4271-8283-4C816C54FA85}.Release|Any CPU.Build.0 = Release|Any CPU
		{00C65838-9F11-4E3A-B6B2-4CA852DB4C98}.Debug|Any CPU.ActiveCfg = Debug|Any CPU
		{00C65838-9F11-4E3A-B6B2-4CA852DB4C98}.Debug|Any CPU.Build.0 = Debug|Any CPU
		{00C65838-9F11-4E3A-B6B2-4CA852DB4C98}.Release|Any CPU.ActiveCfg = Release|Any CPU
		{00C65838-9F11-4E3A-B6B2-4CA852DB4C98}.Release|Any CPU.Build.0 = Release|Any CPU
		{DE07C1DC-9823-42A9-B3C6-4EC6FD0733DB}.Debug|Any CPU.ActiveCfg = Debug|Any CPU
		{DE07C1DC-9823-42A9-B3C6-4EC6FD0733DB}.Debug|Any CPU.Build.0 = Debug|Any CPU
		{DE07C1DC-9823-42A9-B3C6-4EC6FD0733DB}.Release|Any CPU.ActiveCfg = Release|Any CPU
		{DE07C1DC-9823-42A9-B3C6-4EC6FD0733DB}.Release|Any CPU.Build.0 = Release|Any CPU
		{E62D6FF3-1DB2-474A-9BBD-F72EF3BE5F28}.Debug|Any CPU.ActiveCfg = Debug|Any CPU
		{E62D6FF3-1DB2-474A-9BBD-F72EF3BE5F28}.Debug|Any CPU.Build.0 = Debug|Any CPU
		{E62D6FF3-1DB2-474A-9BBD-F72EF3BE5F28}.Release|Any CPU.ActiveCfg = Release|Any CPU
		{E62D6FF3-1DB2-474A-9BBD-F72EF3BE5F28}.Release|Any CPU.Build.0 = Release|Any CPU
		{7A8F069F-AB10-4A22-9904-5033405C1C52}.Debug|Any CPU.ActiveCfg = Debug|Any CPU
		{7A8F069F-AB10-4A22-9904-5033405C1C52}.Debug|Any CPU.Build.0 = Debug|Any CPU
		{7A8F069F-AB10-4A22-9904-5033405C1C52}.Release|Any CPU.ActiveCfg = Release|Any CPU
		{7A8F069F-AB10-4A22-9904-5033405C1C52}.Release|Any CPU.Build.0 = Release|Any CPU
	EndGlobalSection
	GlobalSection(SolutionProperties) = preSolution
		HideSolutionNode = FALSE
	EndGlobalSection
	GlobalSection(ExtensibilityGlobals) = postSolution
		SolutionGuid = {2A268648-B084-4D51-BFD5-041A3132178D}
	EndGlobalSection
EndGlobal
