
Microsoft Visual Studio Solution File, Format Version 12.00
# Visual Studio Version 17
VisualStudioVersion = 17.0.31912.275
MinimumVisualStudioVersion = 10.0.40219.1
Project("{FAE04EC0-301F-11D3-BF4B-00C04F79EFBC}") = "NetCore-MiddleWare-Demo", "NetCore-MiddleWare-Demo\NetCore-MiddleWare-Demo.csproj", "{890F2768-B6F6-4314-8F90-99BF33661A07}"
EndProject
Global
	GlobalSection(SolutionConfigurationPlatforms) = preSolution
		Debug|Any CPU = Debug|Any CPU
		Release|Any CPU = Release|Any CPU
	EndGlobalSection
	GlobalSection(ProjectConfigurationPlatforms) = postSolution
		{890F2768-B6F6-4314-8F90-99BF33661A07}.Debug|Any CPU.ActiveCfg = Debug|Any CPU
		{890F2768-B6F6-4314-8F90-99BF33661A07}.Debug|Any CPU.Build.0 = Debug|Any CPU
		{890F2768-B6F6-4314-8F90-99BF33661A07}.Release|Any CPU.ActiveCfg = Release|Any CPU
		{890F2768-B6F6-4314-8F90-99BF33661A07}.Release|Any CPU.Build.0 = Release|Any CPU
	EndGlobalSection
	GlobalSection(SolutionProperties) = preSolution
		HideSolutionNode = FALSE
	EndGlobalSection
	GlobalSection(ExtensibilityGlobals) = postSolution
		SolutionGuid = {94427D21-0A6F-4BE1-9760-20387A813EAD}
	EndGlobalSection
EndGlobal
