
Microsoft Visual Studio Solution File, Format Version 12.00
# Visual Studio Version 17
VisualStudioVersion = 17.8.34219.65
MinimumVisualStudioVersion = 10.0.40219.1
Project("{9A19103F-16F7-4668-BE54-9A1E7A4F7556}") = "Blazor.WebAssembly.Demo", "Blazor.WebAssembly.Demo\Blazor.WebAssembly.Demo.csproj", "{8FED1058-D21D-4BD5-9FE0-AD3B027692AB}"
EndProject
Project("{9A19103F-16F7-4668-BE54-9A1E7A4F7556}") = "Blazor.WebAssembly.V6.Demo", "Blazor.WebAssembly.V6.Demo\Blazor.WebAssembly.V6.Demo.csproj", "{4052D1B6-21BD-43F9-8CB3-583A52FA505F}"
EndProject
Project("{9A19103F-16F7-4668-BE54-9A1E7A4F7556}") = "Services", "Services\Services.csproj", "{B0F90054-13AF-451C-AE6A-C6D263F4E102}"
EndProject
Project("{9A19103F-16F7-4668-BE54-9A1E7A4F7556}") = "Blazor.Server.Demo", "Blazor.Server.Demo\Blazor.Server.Demo.csproj", "{1BA79EFC-1431-497D-987D-02E839F54670}"
EndProject
Project("{9A19103F-16F7-4668-BE54-9A1E7A4F7556}") = "Models", "Models\Models.csproj", "{0B61FE68-AE6B-41AF-84CD-97361CA2A564}"
EndProject
Project("{9A19103F-16F7-4668-BE54-9A1E7A4F7556}") = "Blazor.Web.Demo", "Blazor.Web.Demo\Blazor.Web.Demo.csproj", "{6B32C35C-6CBD-49D2-BA2D-643F76443FE0}"
EndProject
Project("{9A19103F-16F7-4668-BE54-9A1E7A4F7556}") = "Blazor.Web.Demo.Client", "Blazor.Web.Demo.Client\Blazor.Web.Demo.Client.csproj", "{52552912-91C2-486E-99F4-201577C9E67E}"
EndProject
Project("{9A19103F-16F7-4668-BE54-9A1E7A4F7556}") = "Console.Demo", "Console.Demo\Console.Demo.csproj", "{DAF113CC-A5A9-4C71-9402-D1E956BC8D8F}"
EndProject
Project("{FAE04EC0-301F-11D3-BF4B-00C04F79EFBC}") = "Blazor.Web.V9.Demo", "Blazor.Web.V9.Demo\Blazor.Web.V9.Demo\Blazor.Web.V9.Demo.csproj", "{5E4F4294-D403-46D2-AE14-BBFB3D36D08D}"
EndProject
Project("{FAE04EC0-301F-11D3-BF4B-00C04F79EFBC}") = "Blazor.Web.V9.Demo.Client", "Blazor.Web.V9.Demo\Blazor.Web.V9.Demo.Client\Blazor.Web.V9.Demo.Client.csproj", "{FA4AC857-AA8D-4BDA-969D-390E119632E8}"
EndProject
Project("{FAE04EC0-301F-11D3-BF4B-00C04F79EFBC}") = "Provider", "Provider\Provider.csproj", "{AC106DFA-A3D4-4AB9-8C93-1A1DCFD540E3}"
EndProject
Project("{FAE04EC0-301F-11D3-BF4B-00C04F79EFBC}") = "Blazor.WebAssembly.V9.Demo", "Blazor.WebAssembly.V9.Demo\Blazor.WebAssembly.V9.Demo.csproj", "{5F8EC67C-1DF1-BBDD-96BB-FC59B8CBDEB5}"
EndProject
Project("{FAE04EC0-301F-11D3-BF4B-00C04F79EFBC}") = "Blazor.Web.V10.Demo", "Blazor.Web.V10.Demo\Blazor.Web.V10.Demo\Blazor.Web.V10.Demo.csproj", "{A7A9299A-54AC-4906-B5AF-BCA59098EF76}"
EndProject
Project("{FAE04EC0-301F-11D3-BF4B-00C04F79EFBC}") = "Blazor.Web.V10.Demo.Client", "Blazor.Web.V10.Demo\Blazor.Web.V10.Demo.Client\Blazor.Web.V10.Demo.Client.csproj", "{D45A3784-1892-4E59-95A1-A75835A65E38}"
EndProject
Project("{FAE04EC0-301F-11D3-BF4B-00C04F79EFBC}") = "Blazor.Server.V10.Demo", "Blazor.Server.V10.Demo\Blazor.Server.V10.Demo.csproj", "{22B3C994-DAC5-49EA-A3FE-8A823C8A938E}"
EndProject
Project("{FAE04EC0-301F-11D3-BF4B-00C04F79EFBC}") = "Blazor.WebAssembly.V10.Demo", "Blazor.WebAssembly.V10.Demo\Blazor.WebAssembly.V10.Demo.csproj", "{D7A199DF-D1CD-4746-AC82-394FA22D3C2E}"
EndProject
Global
	GlobalSection(SolutionConfigurationPlatforms) = preSolution
		Debug|Any CPU = Debug|Any CPU
		Release|Any CPU = Release|Any CPU
	EndGlobalSection
	GlobalSection(ProjectConfigurationPlatforms) = postSolution
		{8FED1058-D21D-4BD5-9FE0-AD3B027692AB}.Debug|Any CPU.ActiveCfg = Debug|Any CPU
		{8FED1058-D21D-4BD5-9FE0-AD3B027692AB}.Debug|Any CPU.Build.0 = Debug|Any CPU
		{8FED1058-D21D-4BD5-9FE0-AD3B027692AB}.Release|Any CPU.ActiveCfg = Release|Any CPU
		{8FED1058-D21D-4BD5-9FE0-AD3B027692AB}.Release|Any CPU.Build.0 = Release|Any CPU
		{4052D1B6-21BD-43F9-8CB3-583A52FA505F}.Debug|Any CPU.ActiveCfg = Debug|Any CPU
		{4052D1B6-21BD-43F9-8CB3-583A52FA505F}.Debug|Any CPU.Build.0 = Debug|Any CPU
		{4052D1B6-21BD-43F9-8CB3-583A52FA505F}.Release|Any CPU.ActiveCfg = Release|Any CPU
		{4052D1B6-21BD-43F9-8CB3-583A52FA505F}.Release|Any CPU.Build.0 = Release|Any CPU
		{B0F90054-13AF-451C-AE6A-C6D263F4E102}.Debug|Any CPU.ActiveCfg = Debug|Any CPU
		{B0F90054-13AF-451C-AE6A-C6D263F4E102}.Debug|Any CPU.Build.0 = Debug|Any CPU
		{B0F90054-13AF-451C-AE6A-C6D263F4E102}.Release|Any CPU.ActiveCfg = Release|Any CPU
		{B0F90054-13AF-451C-AE6A-C6D263F4E102}.Release|Any CPU.Build.0 = Release|Any CPU
		{1BA79EFC-1431-497D-987D-02E839F54670}.Debug|Any CPU.ActiveCfg = Debug|Any CPU
		{1BA79EFC-1431-497D-987D-02E839F54670}.Debug|Any CPU.Build.0 = Debug|Any CPU
		{1BA79EFC-1431-497D-987D-02E839F54670}.Release|Any CPU.ActiveCfg = Release|Any CPU
		{1BA79EFC-1431-497D-987D-02E839F54670}.Release|Any CPU.Build.0 = Release|Any CPU
		{0B61FE68-AE6B-41AF-84CD-97361CA2A564}.Debug|Any CPU.ActiveCfg = Debug|Any CPU
		{0B61FE68-AE6B-41AF-84CD-97361CA2A564}.Debug|Any CPU.Build.0 = Debug|Any CPU
		{0B61FE68-AE6B-41AF-84CD-97361CA2A564}.Release|Any CPU.ActiveCfg = Release|Any CPU
		{0B61FE68-AE6B-41AF-84CD-97361CA2A564}.Release|Any CPU.Build.0 = Release|Any CPU
		{6B32C35C-6CBD-49D2-BA2D-643F76443FE0}.Debug|Any CPU.ActiveCfg = Debug|Any CPU
		{6B32C35C-6CBD-49D2-BA2D-643F76443FE0}.Debug|Any CPU.Build.0 = Debug|Any CPU
		{6B32C35C-6CBD-49D2-BA2D-643F76443FE0}.Release|Any CPU.ActiveCfg = Release|Any CPU
		{6B32C35C-6CBD-49D2-BA2D-643F76443FE0}.Release|Any CPU.Build.0 = Release|Any CPU
		{52552912-91C2-486E-99F4-201577C9E67E}.Debug|Any CPU.ActiveCfg = Debug|Any CPU
		{52552912-91C2-486E-99F4-201577C9E67E}.Debug|Any CPU.Build.0 = Debug|Any CPU
		{52552912-91C2-486E-99F4-201577C9E67E}.Release|Any CPU.ActiveCfg = Release|Any CPU
		{52552912-91C2-486E-99F4-201577C9E67E}.Release|Any CPU.Build.0 = Release|Any CPU
		{DAF113CC-A5A9-4C71-9402-D1E956BC8D8F}.Debug|Any CPU.ActiveCfg = Debug|Any CPU
		{DAF113CC-A5A9-4C71-9402-D1E956BC8D8F}.Debug|Any CPU.Build.0 = Debug|Any CPU
		{DAF113CC-A5A9-4C71-9402-D1E956BC8D8F}.Release|Any CPU.ActiveCfg = Release|Any CPU
		{DAF113CC-A5A9-4C71-9402-D1E956BC8D8F}.Release|Any CPU.Build.0 = Release|Any CPU
		{5E4F4294-D403-46D2-AE14-BBFB3D36D08D}.Debug|Any CPU.ActiveCfg = Debug|Any CPU
		{5E4F4294-D403-46D2-AE14-BBFB3D36D08D}.Debug|Any CPU.Build.0 = Debug|Any CPU
		{5E4F4294-D403-46D2-AE14-BBFB3D36D08D}.Release|Any CPU.ActiveCfg = Release|Any CPU
		{5E4F4294-D403-46D2-AE14-BBFB3D36D08D}.Release|Any CPU.Build.0 = Release|Any CPU
		{FA4AC857-AA8D-4BDA-969D-390E119632E8}.Debug|Any CPU.ActiveCfg = Debug|Any CPU
		{FA4AC857-AA8D-4BDA-969D-390E119632E8}.Debug|Any CPU.Build.0 = Debug|Any CPU
		{FA4AC857-AA8D-4BDA-969D-390E119632E8}.Release|Any CPU.ActiveCfg = Release|Any CPU
		{FA4AC857-AA8D-4BDA-969D-390E119632E8}.Release|Any CPU.Build.0 = Release|Any CPU
		{AC106DFA-A3D4-4AB9-8C93-1A1DCFD540E3}.Debug|Any CPU.ActiveCfg = Debug|Any CPU
		{AC106DFA-A3D4-4AB9-8C93-1A1DCFD540E3}.Debug|Any CPU.Build.0 = Debug|Any CPU
		{AC106DFA-A3D4-4AB9-8C93-1A1DCFD540E3}.Release|Any CPU.ActiveCfg = Release|Any CPU
		{AC106DFA-A3D4-4AB9-8C93-1A1DCFD540E3}.Release|Any CPU.Build.0 = Release|Any CPU
		{5F8EC67C-1DF1-BBDD-96BB-FC59B8CBDEB5}.Debug|Any CPU.ActiveCfg = Debug|Any CPU
		{5F8EC67C-1DF1-BBDD-96BB-FC59B8CBDEB5}.Debug|Any CPU.Build.0 = Debug|Any CPU
		{5F8EC67C-1DF1-BBDD-96BB-FC59B8CBDEB5}.Release|Any CPU.ActiveCfg = Release|Any CPU
		{5F8EC67C-1DF1-BBDD-96BB-FC59B8CBDEB5}.Release|Any CPU.Build.0 = Release|Any CPU
		{A7A9299A-54AC-4906-B5AF-BCA59098EF76}.Debug|Any CPU.ActiveCfg = Debug|Any CPU
		{A7A9299A-54AC-4906-B5AF-BCA59098EF76}.Debug|Any CPU.Build.0 = Debug|Any CPU
		{A7A9299A-54AC-4906-B5AF-BCA59098EF76}.Release|Any CPU.ActiveCfg = Release|Any CPU
		{A7A9299A-54AC-4906-B5AF-BCA59098EF76}.Release|Any CPU.Build.0 = Release|Any CPU
		{D45A3784-1892-4E59-95A1-A75835A65E38}.Debug|Any CPU.ActiveCfg = Debug|Any CPU
		{D45A3784-1892-4E59-95A1-A75835A65E38}.Debug|Any CPU.Build.0 = Debug|Any CPU
		{D45A3784-1892-4E59-95A1-A75835A65E38}.Release|Any CPU.ActiveCfg = Release|Any CPU
		{D45A3784-1892-4E59-95A1-A75835A65E38}.Release|Any CPU.Build.0 = Release|Any CPU
		{22B3C994-DAC5-49EA-A3FE-8A823C8A938E}.Debug|Any CPU.ActiveCfg = Debug|Any CPU
		{22B3C994-DAC5-49EA-A3FE-8A823C8A938E}.Debug|Any CPU.Build.0 = Debug|Any CPU
		{22B3C994-DAC5-49EA-A3FE-8A823C8A938E}.Release|Any CPU.ActiveCfg = Release|Any CPU
		{22B3C994-DAC5-49EA-A3FE-8A823C8A938E}.Release|Any CPU.Build.0 = Release|Any CPU
		{D7A199DF-D1CD-4746-AC82-394FA22D3C2E}.Debug|Any CPU.ActiveCfg = Debug|Any CPU
		{D7A199DF-D1CD-4746-AC82-394FA22D3C2E}.Debug|Any CPU.Build.0 = Debug|Any CPU
		{D7A199DF-D1CD-4746-AC82-394FA22D3C2E}.Release|Any CPU.ActiveCfg = Release|Any CPU
		{D7A199DF-D1CD-4746-AC82-394FA22D3C2E}.Release|Any CPU.Build.0 = Release|Any CPU
	EndGlobalSection
	GlobalSection(SolutionProperties) = preSolution
		HideSolutionNode = FALSE
	EndGlobalSection
	GlobalSection(ExtensibilityGlobals) = postSolution
		SolutionGuid = {BD79BBAC-5039-404C-9DE3-7E63CB804FD9}
	EndGlobalSection
EndGlobal
