
Microsoft Visual Studio Solution File, Format Version 12.00
# Visual Studio Version 18
VisualStudioVersion = 18.0.11116.177
MinimumVisualStudioVersion = 10.0.40219.1
Project("{9A19103F-16F7-4668-BE54-9A1E7A4F7556}") = "Console.Demo", "Console.Demo\Console.Demo.csproj", "{DAF113CC-A5A9-4C71-9402-D1E956BC8D8F}"
EndProject
Global
	GlobalSection(SolutionConfigurationPlatforms) = preSolution
		Debug|Any CPU = Debug|Any CPU
		Release|Any CPU = Release|Any CPU
	EndGlobalSection
	GlobalSection(ProjectConfigurationPlatforms) = postSolution
		{DAF113CC-A5A9-4C71-9402-D1E956BC8D8F}.Debug|Any CPU.ActiveCfg = Debug|Any CPU
		{DAF113CC-A5A9-4C71-9402-D1E956BC8D8F}.Debug|Any CPU.Build.0 = Debug|Any CPU
		{DAF113CC-A5A9-4C71-9402-D1E956BC8D8F}.Release|Any CPU.ActiveCfg = Release|Any CPU
		{DAF113CC-A5A9-4C71-9402-D1E956BC8D8F}.Release|Any CPU.Build.0 = Release|Any CPU
	EndGlobalSection
	GlobalSection(SolutionProperties) = preSolution
		HideSolutionNode = FALSE
	EndGlobalSection
	GlobalSection(ExtensibilityGlobals) = postSolution
		SolutionGuid = {BD79BBAC-5039-404C-9DE3-7E63CB804FD9}
	EndGlobalSection
EndGlobal
