
Microsoft Visual Studio Solution File, Format Version 12.00
# Visual Studio Version 17
VisualStudioVersion = 17.9.34728.123
MinimumVisualStudioVersion = 10.0.40219.1
Project("{2150E333-8FDC-42A3-9474-1A3956D46DE8}") = "Aridka", "Aridka", "{42C63445-7B04-4EEF-A041-BED9B35672CB}"
EndProject
Project("{2150E333-8FDC-42A3-9474-1A3956D46DE8}") = "Balosar", "Balosar", "{EF039DC5-C839-4A67-BA3E-89D5D5D347D0}"
EndProject
Project("{9A19103F-16F7-4668-BE54-9A1E7A4F7556}") = "Client", "Aridka\Client\Client.csproj", "{9F2B6FF6-A721-49BD-9F2A-A792C87DCF0D}"
EndProject
Project("{9A19103F-16F7-4668-BE54-9A1E7A4F7556}") = "Server", "Aridka\Server\Server.csproj", "{0EEF8F81-9889-43C6-BD36-C44AC294821B}"
EndProject
Project("{2150E333-8FDC-42A3-9474-1A3956D46DE8}") = "Beta", "Beta", "{BE02D553-6CA7-426B-8EB6-58ECFA74750A}"
EndProject
Project("{9A19103F-16F7-4668-BE54-9A1E7A4F7556}") = "Balosar.Client", "Balosar\Balosar.Client\Balosar.Client.csproj", "{98312BE3-1014-4BF1-9521-D0FA39CA6560}"
EndProject
Project("{9A19103F-16F7-4668-BE54-9A1E7A4F7556}") = "Balosar.Server", "Balosar\Balosar.Server\Balosar.Server.csproj", "{01E6F0F1-64EA-432A-8995-32E24078EFDA}"
EndProject
Project("{9A19103F-16F7-4668-BE54-9A1E7A4F7556}") = "Balosar.Shared", "Balosar\Balosar.Shared\Balosar.Shared.csproj", "{EB5F8B98-44A8-4D06-AB49-EEBA3CCFBE9C}"
EndProject
Project("{2150E333-8FDC-42A3-9474-1A3956D46DE8}") = "Velusia", "Velusia", "{9F412578-D3DB-4CB5-A7DA-6A6711946D7B}"
EndProject
Project("{9A19103F-16F7-4668-BE54-9A1E7A4F7556}") = "Velusia.Server", "Velusia\Velusia.Server\Velusia.Server.csproj", "{34FFECFD-EDF2-448B-A01A-43CA12542B75}"
EndProject
Project("{9A19103F-16F7-4668-BE54-9A1E7A4F7556}") = "Velusia.Client", "Velusia\Velusia.Client\Velusia.Client.csproj", "{D9C6BED9-B30A-4AAA-A6DF-C2FF06DF75D7}"
EndProject
Project("{9A19103F-16F7-4668-BE54-9A1E7A4F7556}") = "Beta.Console.Client", "Beta\Beta.ConsoleClient\Beta.Console.Client.csproj", "{0906D9FF-5665-4F69-BA23-4A7B09EC3EE2}"
EndProject
Project("{9A19103F-16F7-4668-BE54-9A1E7A4F7556}") = "Beta.Server", "Beta\Beta.Server\Beta.Server.csproj", "{54C34ECE-7A5E-46B8-988A-3FD27AB83309}"
EndProject
Project("{9A19103F-16F7-4668-BE54-9A1E7A4F7556}") = "Beta.MvcWeb.Client", "Beta.MvcWeb.Client\Beta.MvcWeb.Client.csproj", "{9169A22D-0D86-479C-B801-7F395D612505}"
EndProject
Project("{9A19103F-16F7-4668-BE54-9A1E7A4F7556}") = "Beta.WebApi", "Beta.WebApi\Beta.WebApi.csproj", "{02D6C903-0E0F-4F13-9C04-D547D229ABC1}"
EndProject
Global
	GlobalSection(SolutionConfigurationPlatforms) = preSolution
		Debug|Any CPU = Debug|Any CPU
		Release|Any CPU = Release|Any CPU
	EndGlobalSection
	GlobalSection(ProjectConfigurationPlatforms) = postSolution
		{9F2B6FF6-A721-49BD-9F2A-A792C87DCF0D}.Debug|Any CPU.ActiveCfg = Debug|Any CPU
		{9F2B6FF6-A721-49BD-9F2A-A792C87DCF0D}.Debug|Any CPU.Build.0 = Debug|Any CPU
		{9F2B6FF6-A721-49BD-9F2A-A792C87DCF0D}.Release|Any CPU.ActiveCfg = Release|Any CPU
		{9F2B6FF6-A721-49BD-9F2A-A792C87DCF0D}.Release|Any CPU.Build.0 = Release|Any CPU
		{0EEF8F81-9889-43C6-BD36-C44AC294821B}.Debug|Any CPU.ActiveCfg = Debug|Any CPU
		{0EEF8F81-9889-43C6-BD36-C44AC294821B}.Debug|Any CPU.Build.0 = Debug|Any CPU
		{0EEF8F81-9889-43C6-BD36-C44AC294821B}.Release|Any CPU.ActiveCfg = Release|Any CPU
		{0EEF8F81-9889-43C6-BD36-C44AC294821B}.Release|Any CPU.Build.0 = Release|Any CPU
		{98312BE3-1014-4BF1-9521-D0FA39CA6560}.Debug|Any CPU.ActiveCfg = Debug|Any CPU
		{98312BE3-1014-4BF1-9521-D0FA39CA6560}.Debug|Any CPU.Build.0 = Debug|Any CPU
		{98312BE3-1014-4BF1-9521-D0FA39CA6560}.Release|Any CPU.ActiveCfg = Release|Any CPU
		{98312BE3-1014-4BF1-9521-D0FA39CA6560}.Release|Any CPU.Build.0 = Release|Any CPU
		{01E6F0F1-64EA-432A-8995-32E24078EFDA}.Debug|Any CPU.ActiveCfg = Debug|Any CPU
		{01E6F0F1-64EA-432A-8995-32E24078EFDA}.Debug|Any CPU.Build.0 = Debug|Any CPU
		{01E6F0F1-64EA-432A-8995-32E24078EFDA}.Release|Any CPU.ActiveCfg = Release|Any CPU
		{01E6F0F1-64EA-432A-8995-32E24078EFDA}.Release|Any CPU.Build.0 = Release|Any CPU
		{EB5F8B98-44A8-4D06-AB49-EEBA3CCFBE9C}.Debug|Any CPU.ActiveCfg = Debug|Any CPU
		{EB5F8B98-44A8-4D06-AB49-EEBA3CCFBE9C}.Debug|Any CPU.Build.0 = Debug|Any CPU
		{EB5F8B98-44A8-4D06-AB49-EEBA3CCFBE9C}.Release|Any CPU.ActiveCfg = Release|Any CPU
		{EB5F8B98-44A8-4D06-AB49-EEBA3CCFBE9C}.Release|Any CPU.Build.0 = Release|Any CPU
		{34FFECFD-EDF2-448B-A01A-43CA12542B75}.Debug|Any CPU.ActiveCfg = Debug|Any CPU
		{34FFECFD-EDF2-448B-A01A-43CA12542B75}.Debug|Any CPU.Build.0 = Debug|Any CPU
		{34FFECFD-EDF2-448B-A01A-43CA12542B75}.Release|Any CPU.ActiveCfg = Release|Any CPU
		{34FFECFD-EDF2-448B-A01A-43CA12542B75}.Release|Any CPU.Build.0 = Release|Any CPU
		{D9C6BED9-B30A-4AAA-A6DF-C2FF06DF75D7}.Debug|Any CPU.ActiveCfg = Debug|Any CPU
		{D9C6BED9-B30A-4AAA-A6DF-C2FF06DF75D7}.Debug|Any CPU.Build.0 = Debug|Any CPU
		{D9C6BED9-B30A-4AAA-A6DF-C2FF06DF75D7}.Release|Any CPU.ActiveCfg = Release|Any CPU
		{D9C6BED9-B30A-4AAA-A6DF-C2FF06DF75D7}.Release|Any CPU.Build.0 = Release|Any CPU
		{0906D9FF-5665-4F69-BA23-4A7B09EC3EE2}.Debug|Any CPU.ActiveCfg = Debug|Any CPU
		{0906D9FF-5665-4F69-BA23-4A7B09EC3EE2}.Debug|Any CPU.Build.0 = Debug|Any CPU
		{0906D9FF-5665-4F69-BA23-4A7B09EC3EE2}.Release|Any CPU.ActiveCfg = Release|Any CPU
		{0906D9FF-5665-4F69-BA23-4A7B09EC3EE2}.Release|Any CPU.Build.0 = Release|Any CPU
		{54C34ECE-7A5E-46B8-988A-3FD27AB83309}.Debug|Any CPU.ActiveCfg = Debug|Any CPU
		{54C34ECE-7A5E-46B8-988A-3FD27AB83309}.Debug|Any CPU.Build.0 = Debug|Any CPU
		{54C34ECE-7A5E-46B8-988A-3FD27AB83309}.Release|Any CPU.ActiveCfg = Release|Any CPU
		{54C34ECE-7A5E-46B8-988A-3FD27AB83309}.Release|Any CPU.Build.0 = Release|Any CPU
		{9169A22D-0D86-479C-B801-7F395D612505}.Debug|Any CPU.ActiveCfg = Debug|Any CPU
		{9169A22D-0D86-479C-B801-7F395D612505}.Debug|Any CPU.Build.0 = Debug|Any CPU
		{9169A22D-0D86-479C-B801-7F395D612505}.Release|Any CPU.ActiveCfg = Release|Any CPU
		{9169A22D-0D86-479C-B801-7F395D612505}.Release|Any CPU.Build.0 = Release|Any CPU
		{02D6C903-0E0F-4F13-9C04-D547D229ABC1}.Debug|Any CPU.ActiveCfg = Debug|Any CPU
		{02D6C903-0E0F-4F13-9C04-D547D229ABC1}.Debug|Any CPU.Build.0 = Debug|Any CPU
		{02D6C903-0E0F-4F13-9C04-D547D229ABC1}.Release|Any CPU.ActiveCfg = Release|Any CPU
		{02D6C903-0E0F-4F13-9C04-D547D229ABC1}.Release|Any CPU.Build.0 = Release|Any CPU
	EndGlobalSection
	GlobalSection(SolutionProperties) = preSolution
		HideSolutionNode = FALSE
	EndGlobalSection
	GlobalSection(NestedProjects) = preSolution
		{9F2B6FF6-A721-49BD-9F2A-A792C87DCF0D} = {42C63445-7B04-4EEF-A041-BED9B35672CB}
		{0EEF8F81-9889-43C6-BD36-C44AC294821B} = {42C63445-7B04-4EEF-A041-BED9B35672CB}
		{98312BE3-1014-4BF1-9521-D0FA39CA6560} = {EF039DC5-C839-4A67-BA3E-89D5D5D347D0}
		{01E6F0F1-64EA-432A-8995-32E24078EFDA} = {EF039DC5-C839-4A67-BA3E-89D5D5D347D0}
		{EB5F8B98-44A8-4D06-AB49-EEBA3CCFBE9C} = {EF039DC5-C839-4A67-BA3E-89D5D5D347D0}
		{34FFECFD-EDF2-448B-A01A-43CA12542B75} = {9F412578-D3DB-4CB5-A7DA-6A6711946D7B}
		{D9C6BED9-B30A-4AAA-A6DF-C2FF06DF75D7} = {9F412578-D3DB-4CB5-A7DA-6A6711946D7B}
		{0906D9FF-5665-4F69-BA23-4A7B09EC3EE2} = {BE02D553-6CA7-426B-8EB6-58ECFA74750A}
		{54C34ECE-7A5E-46B8-988A-3FD27AB83309} = {BE02D553-6CA7-426B-8EB6-58ECFA74750A}
		{9169A22D-0D86-479C-B801-7F395D612505} = {BE02D553-6CA7-426B-8EB6-58ECFA74750A}
		{02D6C903-0E0F-4F13-9C04-D547D229ABC1} = {BE02D553-6CA7-426B-8EB6-58ECFA74750A}
	EndGlobalSection
	GlobalSection(ExtensibilityGlobals) = postSolution
		SolutionGuid = {B06E7312-B5C1-40C9-9DE9-D944763CA0C8}
	EndGlobalSection
EndGlobal
