
Microsoft Visual Studio Solution File, Format Version 12.00
# Visual Studio Version 17
VisualStudioVersion = 17.4.33205.214
MinimumVisualStudioVersion = 10.0.40219.1
Project("{9A19103F-16F7-4668-BE54-9A1E7A4F7556}") = "WebAPI", "WebAPI\WebAPI.csproj", "{5813062F-F70F-49BE-80DF-0E5118D7C77C}"
EndProject
Project("{9A19103F-16F7-4668-BE54-9A1E7A4F7556}") = "MockData", "MockData\MockData.csproj", "{EB853E24-8CED-4E04-9633-EDA2594E89EA}"
EndProject
Project("{9A19103F-16F7-4668-BE54-9A1E7A4F7556}") = "Test", "Test\Test.csproj", "{3B5B4788-AEA7-4E42-AD03-55B44C1048FB}"
EndProject
Project("{2150E333-8FDC-42A3-9474-1A3956D46DE8}") = "User", "User", "{D9DF4B20-B344-4A28-B818-393DB49B3EF0}"
EndProject
Project("{2150E333-8FDC-42A3-9474-1A3956D46DE8}") = "Base", "Base", "{8272451E-6488-49B7-B3B6-6A9C86C3C27B}"
EndProject
Project("{2150E333-8FDC-42A3-9474-1A3956D46DE8}") = "Services", "Services", "{158F987D-DD31-4B7B-A761-D21DF11825DB}"
EndProject
Project("{9A19103F-16F7-4668-BE54-9A1E7A4F7556}") = "Base.ApplicationCore", "Services\Base.ApplicationCore\Base.ApplicationCore.csproj", "{75251A49-DA50-49B4-AD08-9A8D9877A55E}"
EndProject
Project("{9A19103F-16F7-4668-BE54-9A1E7A4F7556}") = "Base.Infrastructure", "Services\Base.Infrastructure\Base.Infrastructure.csproj", "{EBBBCBC8-9548-452B-A3A5-3B903C4DC790}"
EndProject
Project("{9A19103F-16F7-4668-BE54-9A1E7A4F7556}") = "User.ApplicationCore", "Services\User.ApplicationCore\User.ApplicationCore.csproj", "{29C7FC32-BBF7-4C95-80D9-802D493476D3}"
EndProject
Project("{9A19103F-16F7-4668-BE54-9A1E7A4F7556}") = "User.Infrastructure", "Services\User.Infrastructure\User.Infrastructure.csproj", "{4104EFFA-C3BD-4725-A8B1-8B01D75A0032}"
EndProject
Project("{2150E333-8FDC-42A3-9474-1A3956D46DE8}") = "Device", "Device", "{D33A0311-3BA5-40E7-9986-E37773E6B3A6}"
EndProject
Project("{9A19103F-16F7-4668-BE54-9A1E7A4F7556}") = "Device.ApplicationCore", "Services\Device.ApplicationCore\Device.ApplicationCore.csproj", "{8CEC80E5-B82E-4570-92C6-1C904504E9A8}"
EndProject
Project("{9A19103F-16F7-4668-BE54-9A1E7A4F7556}") = "Device.Infrastructure", "Services\Device.Infrastructure\Device.Infrastructure.csproj", "{FC1A0BD3-04BC-43D9-BA8F-9217217C32E6}"
EndProject
Project("{2150E333-8FDC-42A3-9474-1A3956D46DE8}") = "Common", "Common", "{95D04BA7-80EB-4538-B437-14EBF601AC1F}"
EndProject
Project("{9A19103F-16F7-4668-BE54-9A1E7A4F7556}") = "Common.DataSeed", "Common\DataSeed\Common.DataSeed.csproj", "{8779F857-38CA-4079-9A4F-BA0E915F8B8A}"
EndProject
Project("{FAE04EC0-301F-11D3-BF4B-00C04F79EFBC}") = "Common.Migration", "Common\Migration\Common.Migration\Common.Migration.csproj", "{AEB9FBF8-B6EC-4E6A-826B-92480A7EA078}"
EndProject
Global
	GlobalSection(SolutionConfigurationPlatforms) = preSolution
		Debug|Any CPU = Debug|Any CPU
		Release|Any CPU = Release|Any CPU
	EndGlobalSection
	GlobalSection(ProjectConfigurationPlatforms) = postSolution
		{5813062F-F70F-49BE-80DF-0E5118D7C77C}.Debug|Any CPU.ActiveCfg = Debug|Any CPU
		{5813062F-F70F-49BE-80DF-0E5118D7C77C}.Debug|Any CPU.Build.0 = Debug|Any CPU
		{5813062F-F70F-49BE-80DF-0E5118D7C77C}.Release|Any CPU.ActiveCfg = Release|Any CPU
		{5813062F-F70F-49BE-80DF-0E5118D7C77C}.Release|Any CPU.Build.0 = Release|Any CPU
		{EB853E24-8CED-4E04-9633-EDA2594E89EA}.Debug|Any CPU.ActiveCfg = Debug|Any CPU
		{EB853E24-8CED-4E04-9633-EDA2594E89EA}.Debug|Any CPU.Build.0 = Debug|Any CPU
		{EB853E24-8CED-4E04-9633-EDA2594E89EA}.Release|Any CPU.ActiveCfg = Release|Any CPU
		{EB853E24-8CED-4E04-9633-EDA2594E89EA}.Release|Any CPU.Build.0 = Release|Any CPU
		{3B5B4788-AEA7-4E42-AD03-55B44C1048FB}.Debug|Any CPU.ActiveCfg = Debug|Any CPU
		{3B5B4788-AEA7-4E42-AD03-55B44C1048FB}.Debug|Any CPU.Build.0 = Debug|Any CPU
		{3B5B4788-AEA7-4E42-AD03-55B44C1048FB}.Release|Any CPU.ActiveCfg = Release|Any CPU
		{3B5B4788-AEA7-4E42-AD03-55B44C1048FB}.Release|Any CPU.Build.0 = Release|Any CPU
		{75251A49-DA50-49B4-AD08-9A8D9877A55E}.Debug|Any CPU.ActiveCfg = Debug|Any CPU
		{75251A49-DA50-49B4-AD08-9A8D9877A55E}.Debug|Any CPU.Build.0 = Debug|Any CPU
		{75251A49-DA50-49B4-AD08-9A8D9877A55E}.Release|Any CPU.ActiveCfg = Release|Any CPU
		{75251A49-DA50-49B4-AD08-9A8D9877A55E}.Release|Any CPU.Build.0 = Release|Any CPU
		{EBBBCBC8-9548-452B-A3A5-3B903C4DC790}.Debug|Any CPU.ActiveCfg = Debug|Any CPU
		{EBBBCBC8-9548-452B-A3A5-3B903C4DC790}.Debug|Any CPU.Build.0 = Debug|Any CPU
		{EBBBCBC8-9548-452B-A3A5-3B903C4DC790}.Release|Any CPU.ActiveCfg = Release|Any CPU
		{EBBBCBC8-9548-452B-A3A5-3B903C4DC790}.Release|Any CPU.Build.0 = Release|Any CPU
		{29C7FC32-BBF7-4C95-80D9-802D493476D3}.Debug|Any CPU.ActiveCfg = Debug|Any CPU
		{29C7FC32-BBF7-4C95-80D9-802D493476D3}.Debug|Any CPU.Build.0 = Debug|Any CPU
		{29C7FC32-BBF7-4C95-80D9-802D493476D3}.Release|Any CPU.ActiveCfg = Release|Any CPU
		{29C7FC32-BBF7-4C95-80D9-802D493476D3}.Release|Any CPU.Build.0 = Release|Any CPU
		{4104EFFA-C3BD-4725-A8B1-8B01D75A0032}.Debug|Any CPU.ActiveCfg = Debug|Any CPU
		{4104EFFA-C3BD-4725-A8B1-8B01D75A0032}.Debug|Any CPU.Build.0 = Debug|Any CPU
		{4104EFFA-C3BD-4725-A8B1-8B01D75A0032}.Release|Any CPU.ActiveCfg = Release|Any CPU
		{4104EFFA-C3BD-4725-A8B1-8B01D75A0032}.Release|Any CPU.Build.0 = Release|Any CPU
		{8CEC80E5-B82E-4570-92C6-1C904504E9A8}.Debug|Any CPU.ActiveCfg = Debug|Any CPU
		{8CEC80E5-B82E-4570-92C6-1C904504E9A8}.Debug|Any CPU.Build.0 = Debug|Any CPU
		{8CEC80E5-B82E-4570-92C6-1C904504E9A8}.Release|Any CPU.ActiveCfg = Release|Any CPU
		{8CEC80E5-B82E-4570-92C6-1C904504E9A8}.Release|Any CPU.Build.0 = Release|Any CPU
		{FC1A0BD3-04BC-43D9-BA8F-9217217C32E6}.Debug|Any CPU.ActiveCfg = Debug|Any CPU
		{FC1A0BD3-04BC-43D9-BA8F-9217217C32E6}.Debug|Any CPU.Build.0 = Debug|Any CPU
		{FC1A0BD3-04BC-43D9-BA8F-9217217C32E6}.Release|Any CPU.ActiveCfg = Release|Any CPU
		{FC1A0BD3-04BC-43D9-BA8F-9217217C32E6}.Release|Any CPU.Build.0 = Release|Any CPU
		{8779F857-38CA-4079-9A4F-BA0E915F8B8A}.Debug|Any CPU.ActiveCfg = Debug|Any CPU
		{8779F857-38CA-4079-9A4F-BA0E915F8B8A}.Debug|Any CPU.Build.0 = Debug|Any CPU
		{8779F857-38CA-4079-9A4F-BA0E915F8B8A}.Release|Any CPU.ActiveCfg = Release|Any CPU
		{8779F857-38CA-4079-9A4F-BA0E915F8B8A}.Release|Any CPU.Build.0 = Release|Any CPU
		{AEB9FBF8-B6EC-4E6A-826B-92480A7EA078}.Debug|Any CPU.ActiveCfg = Debug|Any CPU
		{AEB9FBF8-B6EC-4E6A-826B-92480A7EA078}.Debug|Any CPU.Build.0 = Debug|Any CPU
		{AEB9FBF8-B6EC-4E6A-826B-92480A7EA078}.Release|Any CPU.ActiveCfg = Release|Any CPU
		{AEB9FBF8-B6EC-4E6A-826B-92480A7EA078}.Release|Any CPU.Build.0 = Release|Any CPU
	EndGlobalSection
	GlobalSection(SolutionProperties) = preSolution
		HideSolutionNode = FALSE
	EndGlobalSection
	GlobalSection(NestedProjects) = preSolution
		{D9DF4B20-B344-4A28-B818-393DB49B3EF0} = {158F987D-DD31-4B7B-A761-D21DF11825DB}
		{8272451E-6488-49B7-B3B6-6A9C86C3C27B} = {158F987D-DD31-4B7B-A761-D21DF11825DB}
		{75251A49-DA50-49B4-AD08-9A8D9877A55E} = {8272451E-6488-49B7-B3B6-6A9C86C3C27B}
		{EBBBCBC8-9548-452B-A3A5-3B903C4DC790} = {8272451E-6488-49B7-B3B6-6A9C86C3C27B}
		{29C7FC32-BBF7-4C95-80D9-802D493476D3} = {D9DF4B20-B344-4A28-B818-393DB49B3EF0}
		{4104EFFA-C3BD-4725-A8B1-8B01D75A0032} = {D9DF4B20-B344-4A28-B818-393DB49B3EF0}
		{D33A0311-3BA5-40E7-9986-E37773E6B3A6} = {158F987D-DD31-4B7B-A761-D21DF11825DB}
		{8CEC80E5-B82E-4570-92C6-1C904504E9A8} = {D33A0311-3BA5-40E7-9986-E37773E6B3A6}
		{FC1A0BD3-04BC-43D9-BA8F-9217217C32E6} = {D33A0311-3BA5-40E7-9986-E37773E6B3A6}
		{8779F857-38CA-4079-9A4F-BA0E915F8B8A} = {95D04BA7-80EB-4538-B437-14EBF601AC1F}
		{AEB9FBF8-B6EC-4E6A-826B-92480A7EA078} = {95D04BA7-80EB-4538-B437-14EBF601AC1F}
	EndGlobalSection
	GlobalSection(ExtensibilityGlobals) = postSolution
		SolutionGuid = {A2BF33BD-C373-4338-903A-99D8A82C98DA}
	EndGlobalSection
EndGlobal
