
Microsoft Visual Studio Solution File, Format Version 12.00
# Visual Studio Version 17
VisualStudioVersion = 17.8.34309.116
MinimumVisualStudioVersion = 10.0.40219.1
Project("{9A19103F-16F7-4668-BE54-9A1E7A4F7556}") = "MakeConst", "MakeConst\MakeConst\MakeConst.csproj", "{46EDFFED-8C16-44AA-B3CC-99345BE1B928}"
EndProject
Project("{9A19103F-16F7-4668-BE54-9A1E7A4F7556}") = "MakeConst.CodeFixes", "MakeConst\MakeConst.CodeFixes\MakeConst.CodeFixes.csproj", "{56CB34CA-228C-42E2-965F-CB5E1216C8D6}"
EndProject
Project("{9A19103F-16F7-4668-BE54-9A1E7A4F7556}") = "MakeConst.Package", "MakeConst\MakeConst.Package\MakeConst.Package.csproj", "{EF379816-7D9F-4946-95CA-1CF87AB0A230}"
EndProject
Project("{9A19103F-16F7-4668-BE54-9A1E7A4F7556}") = "MakeConst.Test", "MakeConst\MakeConst.Test\MakeConst.Test.csproj", "{4AAC6A71-3435-4D96-8470-C6B33E7A0072}"
EndProject
Project("{9A19103F-16F7-4668-BE54-9A1E7A4F7556}") = "MakeConst.Vsix", "MakeConst\MakeConst.Vsix\MakeConst.Vsix.csproj", "{F268A426-9CB7-4B7E-AF9E-C3FE5C86AB7C}"
EndProject
Global
	GlobalSection(SolutionConfigurationPlatforms) = preSolution
		Debug|Any CPU = Debug|Any CPU
		Release|Any CPU = Release|Any CPU
	EndGlobalSection
	GlobalSection(ProjectConfigurationPlatforms) = postSolution
		{46EDFFED-8C16-44AA-B3CC-99345BE1B928}.Debug|Any CPU.ActiveCfg = Debug|Any CPU
		{46EDFFED-8C16-44AA-B3CC-99345BE1B928}.Debug|Any CPU.Build.0 = Debug|Any CPU
		{46EDFFED-8C16-44AA-B3CC-99345BE1B928}.Release|Any CPU.ActiveCfg = Release|Any CPU
		{46EDFFED-8C16-44AA-B3CC-99345BE1B928}.Release|Any CPU.Build.0 = Release|Any CPU
		{56CB34CA-228C-42E2-965F-CB5E1216C8D6}.Debug|Any CPU.ActiveCfg = Debug|Any CPU
		{56CB34CA-228C-42E2-965F-CB5E1216C8D6}.Debug|Any CPU.Build.0 = Debug|Any CPU
		{56CB34CA-228C-42E2-965F-CB5E1216C8D6}.Release|Any CPU.ActiveCfg = Release|Any CPU
		{56CB34CA-228C-42E2-965F-CB5E1216C8D6}.Release|Any CPU.Build.0 = Release|Any CPU
		{EF379816-7D9F-4946-95CA-1CF87AB0A230}.Debug|Any CPU.ActiveCfg = Debug|Any CPU
		{EF379816-7D9F-4946-95CA-1CF87AB0A230}.Debug|Any CPU.Build.0 = Debug|Any CPU
		{EF379816-7D9F-4946-95CA-1CF87AB0A230}.Release|Any CPU.ActiveCfg = Release|Any CPU
		{EF379816-7D9F-4946-95CA-1CF87AB0A230}.Release|Any CPU.Build.0 = Release|Any CPU
		{4AAC6A71-3435-4D96-8470-C6B33E7A0072}.Debug|Any CPU.ActiveCfg = Debug|Any CPU
		{4AAC6A71-3435-4D96-8470-C6B33E7A0072}.Debug|Any CPU.Build.0 = Debug|Any CPU
		{4AAC6A71-3435-4D96-8470-C6B33E7A0072}.Release|Any CPU.ActiveCfg = Release|Any CPU
		{4AAC6A71-3435-4D96-8470-C6B33E7A0072}.Release|Any CPU.Build.0 = Release|Any CPU
		{F268A426-9CB7-4B7E-AF9E-C3FE5C86AB7C}.Debug|Any CPU.ActiveCfg = Debug|Any CPU
		{F268A426-9CB7-4B7E-AF9E-C3FE5C86AB7C}.Debug|Any CPU.Build.0 = Debug|Any CPU
		{F268A426-9CB7-4B7E-AF9E-C3FE5C86AB7C}.Release|Any CPU.ActiveCfg = Release|Any CPU
		{F268A426-9CB7-4B7E-AF9E-C3FE5C86AB7C}.Release|Any CPU.Build.0 = Release|Any CPU
	EndGlobalSection
	GlobalSection(SolutionProperties) = preSolution
		HideSolutionNode = FALSE
	EndGlobalSection
	GlobalSection(ExtensibilityGlobals) = postSolution
		SolutionGuid = {176F88F4-EA46-402A-BDE6-A0B355C24FBB}
	EndGlobalSection
EndGlobal
