
Microsoft Visual Studio Solution File, Format Version 12.00
# Visual Studio Version 17
VisualStudioVersion = 17.4.33205.214
MinimumVisualStudioVersion = 10.0.40219.1
Project("{9A19103F-16F7-4668-BE54-9A1E7A4F7556}") = "RazorPage.Web", "NetCore.Hangfire.Demo\RazorPage.Web.csproj", "{B224266E-E2F6-4D8C-9C97-20567A4671DD}"
EndProject
Project("{9A19103F-16F7-4668-BE54-9A1E7A4F7556}") = "MVC.Web", "MVC.Web\MVC.Web.csproj", "{6C33991F-8345-4294-A098-22708085B084}"
EndProject
Global
	GlobalSection(SolutionConfigurationPlatforms) = preSolution
		Debug|Any CPU = Debug|Any CPU
		Release|Any CPU = Release|Any CPU
	EndGlobalSection
	GlobalSection(ProjectConfigurationPlatforms) = postSolution
		{B224266E-E2F6-4D8C-9C97-20567A4671DD}.Debug|Any CPU.ActiveCfg = Debug|Any CPU
		{B224266E-E2F6-4D8C-9C97-20567A4671DD}.Debug|Any CPU.Build.0 = Debug|Any CPU
		{B224266E-E2F6-4D8C-9C97-20567A4671DD}.Release|Any CPU.ActiveCfg = Release|Any CPU
		{B224266E-E2F6-4D8C-9C97-20567A4671DD}.Release|Any CPU.Build.0 = Release|Any CPU
		{6C33991F-8345-4294-A098-22708085B084}.Debug|Any CPU.ActiveCfg = Debug|Any CPU
		{6C33991F-8345-4294-A098-22708085B084}.Debug|Any CPU.Build.0 = Debug|Any CPU
		{6C33991F-8345-4294-A098-22708085B084}.Release|Any CPU.ActiveCfg = Release|Any CPU
		{6C33991F-8345-4294-A098-22708085B084}.Release|Any CPU.Build.0 = Release|Any CPU
	EndGlobalSection
	GlobalSection(SolutionProperties) = preSolution
		HideSolutionNode = FALSE
	EndGlobalSection
	GlobalSection(ExtensibilityGlobals) = postSolution
		SolutionGuid = {D8558F75-08D3-4ECA-820D-51581D08D55F}
	EndGlobalSection
EndGlobal
