
Microsoft Visual Studio Solution File, Format Version 12.00
# Visual Studio Version 17
VisualStudioVersion = 17.4.33205.214
MinimumVisualStudioVersion = 10.0.40219.1
Project("{9A19103F-16F7-4668-BE54-9A1E7A4F7556}") = "ConsoleApp1", "ConsoleApp1\ConsoleApp1.csproj", "{E160160A-96B5-4146-8712-89CD10997E38}"
EndProject
Project("{9A19103F-16F7-4668-BE54-9A1E7A4F7556}") = "RazorPage.Web", "RazorPage.Web\RazorPage.Web.csproj", "{C34C6042-F676-4646-A398-C4521175F10E}"
EndProject
Project("{9A19103F-16F7-4668-BE54-9A1E7A4F7556}") = "Hangfire.Server.Web", "Hangfire.Server.Web\Hangfire.Server.Web.csproj", "{8281D73D-67D9-44DE-8C92-0F50DF47C744}"
EndProject
Project("{9A19103F-16F7-4668-BE54-9A1E7A4F7556}") = "MVC.Web", "MVC.Web\MVC.Web.csproj", "{D2FDB70E-38CA-43D5-A0EC-673128FCF91D}"
EndProject
Project("{9A19103F-16F7-4668-BE54-9A1E7A4F7556}") = "Hangfire.Job", "Hangfire.Job\Hangfire.Job.csproj", "{FCA88DDD-B571-499A-A922-6305344A54BE}"
EndProject
Global
	GlobalSection(SolutionConfigurationPlatforms) = preSolution
		Debug|Any CPU = Debug|Any CPU
		Release|Any CPU = Release|Any CPU
	EndGlobalSection
	GlobalSection(ProjectConfigurationPlatforms) = postSolution
		{E160160A-96B5-4146-8712-89CD10997E38}.Debug|Any CPU.ActiveCfg = Debug|Any CPU
		{E160160A-96B5-4146-8712-89CD10997E38}.Debug|Any CPU.Build.0 = Debug|Any CPU
		{E160160A-96B5-4146-8712-89CD10997E38}.Release|Any CPU.ActiveCfg = Release|Any CPU
		{E160160A-96B5-4146-8712-89CD10997E38}.Release|Any CPU.Build.0 = Release|Any CPU
		{C34C6042-F676-4646-A398-C4521175F10E}.Debug|Any CPU.ActiveCfg = Debug|Any CPU
		{C34C6042-F676-4646-A398-C4521175F10E}.Debug|Any CPU.Build.0 = Debug|Any CPU
		{C34C6042-F676-4646-A398-C4521175F10E}.Release|Any CPU.ActiveCfg = Release|Any CPU
		{C34C6042-F676-4646-A398-C4521175F10E}.Release|Any CPU.Build.0 = Release|Any CPU
		{8281D73D-67D9-44DE-8C92-0F50DF47C744}.Debug|Any CPU.ActiveCfg = Debug|Any CPU
		{8281D73D-67D9-44DE-8C92-0F50DF47C744}.Debug|Any CPU.Build.0 = Debug|Any CPU
		{8281D73D-67D9-44DE-8C92-0F50DF47C744}.Release|Any CPU.ActiveCfg = Release|Any CPU
		{8281D73D-67D9-44DE-8C92-0F50DF47C744}.Release|Any CPU.Build.0 = Release|Any CPU
		{D2FDB70E-38CA-43D5-A0EC-673128FCF91D}.Debug|Any CPU.ActiveCfg = Debug|Any CPU
		{D2FDB70E-38CA-43D5-A0EC-673128FCF91D}.Debug|Any CPU.Build.0 = Debug|Any CPU
		{D2FDB70E-38CA-43D5-A0EC-673128FCF91D}.Release|Any CPU.ActiveCfg = Release|Any CPU
		{D2FDB70E-38CA-43D5-A0EC-673128FCF91D}.Release|Any CPU.Build.0 = Release|Any CPU
		{FCA88DDD-B571-499A-A922-6305344A54BE}.Debug|Any CPU.ActiveCfg = Debug|Any CPU
		{FCA88DDD-B571-499A-A922-6305344A54BE}.Debug|Any CPU.Build.0 = Debug|Any CPU
		{FCA88DDD-B571-499A-A922-6305344A54BE}.Release|Any CPU.ActiveCfg = Release|Any CPU
		{FCA88DDD-B571-499A-A922-6305344A54BE}.Release|Any CPU.Build.0 = Release|Any CPU
	EndGlobalSection
	GlobalSection(SolutionProperties) = preSolution
		HideSolutionNode = FALSE
	EndGlobalSection
	GlobalSection(ExtensibilityGlobals) = postSolution
		SolutionGuid = {D8558F75-08D3-4ECA-820D-51581D08D55F}
	EndGlobalSection
EndGlobal
