
Microsoft Visual Studio Solution File, Format Version 12.00
# Visual Studio Version 17
VisualStudioVersion = 17.9.34723.18
MinimumVisualStudioVersion = 10.0.40219.1
Project("{9A19103F-16F7-4668-BE54-9A1E7A4F7556}") = "Send", "Send\Send.csproj", "{71B5E766-CFB0-4F54-B597-5694DF8972D7}"
EndProject
Project("{9A19103F-16F7-4668-BE54-9A1E7A4F7556}") = "Receive", "Receive\Receive.csproj", "{FB5EF859-E67D-4199-B412-554B0E1479DC}"
EndProject
Global
	GlobalSection(SolutionConfigurationPlatforms) = preSolution
		Debug|Any CPU = Debug|Any CPU
		Release|Any CPU = Release|Any CPU
	EndGlobalSection
	GlobalSection(ProjectConfigurationPlatforms) = postSolution
		{71B5E766-CFB0-4F54-B597-5694DF8972D7}.Debug|Any CPU.ActiveCfg = Debug|Any CPU
		{71B5E766-CFB0-4F54-B597-5694DF8972D7}.Debug|Any CPU.Build.0 = Debug|Any CPU
		{71B5E766-CFB0-4F54-B597-5694DF8972D7}.Release|Any CPU.ActiveCfg = Release|Any CPU
		{71B5E766-CFB0-4F54-B597-5694DF8972D7}.Release|Any CPU.Build.0 = Release|Any CPU
		{FB5EF859-E67D-4199-B412-554B0E1479DC}.Debug|Any CPU.ActiveCfg = Debug|Any CPU
		{FB5EF859-E67D-4199-B412-554B0E1479DC}.Debug|Any CPU.Build.0 = Debug|Any CPU
		{FB5EF859-E67D-4199-B412-554B0E1479DC}.Release|Any CPU.ActiveCfg = Release|Any CPU
		{FB5EF859-E67D-4199-B412-554B0E1479DC}.Release|Any CPU.Build.0 = Release|Any CPU
	EndGlobalSection
	GlobalSection(SolutionProperties) = preSolution
		HideSolutionNode = FALSE
	EndGlobalSection
	GlobalSection(ExtensibilityGlobals) = postSolution
		SolutionGuid = {5C899813-8356-4094-B58A-07BCD5B648C8}
	EndGlobalSection
EndGlobal
