
Microsoft Visual Studio Solution File, Format Version 12.00
# Visual Studio Version 17
VisualStudioVersion = 17.8.34309.116
MinimumVisualStudioVersion = 10.0.40219.1
Project("{2150E333-8FDC-42A3-9474-1A3956D46DE8}") = "Services", "Services", "{BB34F700-D01E-40C1-B18D-6251D1A71ECF}"
EndProject
Project("{2150E333-8FDC-42A3-9474-1A3956D46DE8}") = "ApiGateways", "ApiGateways", "{46A069D2-4CB1-4BEC-BB4A-D399EBCB72C4}"
EndProject
Project("{2150E333-8FDC-42A3-9474-1A3956D46DE8}") = "Commons", "Commons", "{410AF38F-A097-446E-8569-722CF29E27C0}"
EndProject
Project("{2150E333-8FDC-42A3-9474-1A3956D46DE8}") = "Web", "Web", "{80D63625-C9AC-4B29-9AF2-9977DF3D813D}"
EndProject
Project("{9A19103F-16F7-4668-BE54-9A1E7A4F7556}") = "RazorPage.Web", "RazorPage.Web\RazorPage.Web.csproj", "{55E6C95F-EC8C-48FF-8DB6-C715580BEC83}"
EndProject
Project("{2150E333-8FDC-42A3-9474-1A3956D46DE8}") = "Base", "Base", "{0FAA3E4B-246F-4977-94B6-407F72765EC4}"
EndProject
Project("{2150E333-8FDC-42A3-9474-1A3956D46DE8}") = "User", "User", "{8EE122C7-9D70-45B1-8DF2-470D66AB4764}"
EndProject
Project("{2150E333-8FDC-42A3-9474-1A3956D46DE8}") = "Device", "Device", "{065B46CA-80EC-4FD6-91B0-D6F6C3EF424F}"
EndProject
Project("{9A19103F-16F7-4668-BE54-9A1E7A4F7556}") = "User.ApplicationCore", "Services\User\User.ApplicationCore\User.ApplicationCore.csproj", "{B00D3293-DA0D-4886-AE9C-6E260C6C8899}"
EndProject
Project("{9A19103F-16F7-4668-BE54-9A1E7A4F7556}") = "User.Infrastructure", "Services\User\User.Infrastructure\User.Infrastructure.csproj", "{920A71CE-2D17-4DC8-82BB-8ECBA1353761}"
EndProject
Project("{9A19103F-16F7-4668-BE54-9A1E7A4F7556}") = "User.WebApi", "Services\User\User.WebApi\User.WebApi.csproj", "{D3C54EA4-4BE4-478F-A531-A66ADA579BB0}"
EndProject
Project("{9A19103F-16F7-4668-BE54-9A1E7A4F7556}") = "Base.ApplicationCore", "Services\Base\Base.ApplicationCore\Base.ApplicationCore.csproj", "{2DBB1B8E-D774-42ED-93E5-6CC693061A14}"
EndProject
Project("{9A19103F-16F7-4668-BE54-9A1E7A4F7556}") = "Base.Infrastructure", "Services\Base\Base.Infrastructure\Base.Infrastructure.csproj", "{0C179CAD-7F5A-47CF-8EF0-728E5832A614}"
EndProject
Project("{9A19103F-16F7-4668-BE54-9A1E7A4F7556}") = "Device.ApplicationCore", "Services\Device\Device.ApplicationCore\Device.ApplicationCore.csproj", "{686E554A-102E-42F1-BF49-8F2D7A422145}"
EndProject
Project("{9A19103F-16F7-4668-BE54-9A1E7A4F7556}") = "Device.Infrastructure", "Services\Device\Device.Infrastructure\Device.Infrastructure.csproj", "{6E416978-293A-4163-B1EC-20D5BD1EA912}"
EndProject
Project("{9A19103F-16F7-4668-BE54-9A1E7A4F7556}") = "RazorPage.Web.HttpAggregator", "RazorPage.Web.HttpAggregator\RazorPage.Web.HttpAggregator.csproj", "{966C9EC2-9A4B-49B4-8FD5-15DD393CD74E}"
EndProject
Project("{FAE04EC0-301F-11D3-BF4B-00C04F79EFBC}") = "Device.WebApi", "Services\Device\Device.WebApi\Device.WebApi.csproj", "{70883FFB-D906-45A1-86FA-5CCA2D41103E}"
EndProject
Global
	GlobalSection(SolutionConfigurationPlatforms) = preSolution
		Debug|Any CPU = Debug|Any CPU
		Release|Any CPU = Release|Any CPU
	EndGlobalSection
	GlobalSection(ProjectConfigurationPlatforms) = postSolution
		{55E6C95F-EC8C-48FF-8DB6-C715580BEC83}.Debug|Any CPU.ActiveCfg = Debug|Any CPU
		{55E6C95F-EC8C-48FF-8DB6-C715580BEC83}.Debug|Any CPU.Build.0 = Debug|Any CPU
		{55E6C95F-EC8C-48FF-8DB6-C715580BEC83}.Release|Any CPU.ActiveCfg = Release|Any CPU
		{55E6C95F-EC8C-48FF-8DB6-C715580BEC83}.Release|Any CPU.Build.0 = Release|Any CPU
		{B00D3293-DA0D-4886-AE9C-6E260C6C8899}.Debug|Any CPU.ActiveCfg = Debug|Any CPU
		{B00D3293-DA0D-4886-AE9C-6E260C6C8899}.Debug|Any CPU.Build.0 = Debug|Any CPU
		{B00D3293-DA0D-4886-AE9C-6E260C6C8899}.Release|Any CPU.ActiveCfg = Release|Any CPU
		{B00D3293-DA0D-4886-AE9C-6E260C6C8899}.Release|Any CPU.Build.0 = Release|Any CPU
		{920A71CE-2D17-4DC8-82BB-8ECBA1353761}.Debug|Any CPU.ActiveCfg = Debug|Any CPU
		{920A71CE-2D17-4DC8-82BB-8ECBA1353761}.Debug|Any CPU.Build.0 = Debug|Any CPU
		{920A71CE-2D17-4DC8-82BB-8ECBA1353761}.Release|Any CPU.ActiveCfg = Release|Any CPU
		{920A71CE-2D17-4DC8-82BB-8ECBA1353761}.Release|Any CPU.Build.0 = Release|Any CPU
		{D3C54EA4-4BE4-478F-A531-A66ADA579BB0}.Debug|Any CPU.ActiveCfg = Debug|Any CPU
		{D3C54EA4-4BE4-478F-A531-A66ADA579BB0}.Debug|Any CPU.Build.0 = Debug|Any CPU
		{D3C54EA4-4BE4-478F-A531-A66ADA579BB0}.Release|Any CPU.ActiveCfg = Release|Any CPU
		{D3C54EA4-4BE4-478F-A531-A66ADA579BB0}.Release|Any CPU.Build.0 = Release|Any CPU
		{2DBB1B8E-D774-42ED-93E5-6CC693061A14}.Debug|Any CPU.ActiveCfg = Debug|Any CPU
		{2DBB1B8E-D774-42ED-93E5-6CC693061A14}.Debug|Any CPU.Build.0 = Debug|Any CPU
		{2DBB1B8E-D774-42ED-93E5-6CC693061A14}.Release|Any CPU.ActiveCfg = Release|Any CPU
		{2DBB1B8E-D774-42ED-93E5-6CC693061A14}.Release|Any CPU.Build.0 = Release|Any CPU
		{0C179CAD-7F5A-47CF-8EF0-728E5832A614}.Debug|Any CPU.ActiveCfg = Debug|Any CPU
		{0C179CAD-7F5A-47CF-8EF0-728E5832A614}.Debug|Any CPU.Build.0 = Debug|Any CPU
		{0C179CAD-7F5A-47CF-8EF0-728E5832A614}.Release|Any CPU.ActiveCfg = Release|Any CPU
		{0C179CAD-7F5A-47CF-8EF0-728E5832A614}.Release|Any CPU.Build.0 = Release|Any CPU
		{686E554A-102E-42F1-BF49-8F2D7A422145}.Debug|Any CPU.ActiveCfg = Debug|Any CPU
		{686E554A-102E-42F1-BF49-8F2D7A422145}.Debug|Any CPU.Build.0 = Debug|Any CPU
		{686E554A-102E-42F1-BF49-8F2D7A422145}.Release|Any CPU.ActiveCfg = Release|Any CPU
		{686E554A-102E-42F1-BF49-8F2D7A422145}.Release|Any CPU.Build.0 = Release|Any CPU
		{6E416978-293A-4163-B1EC-20D5BD1EA912}.Debug|Any CPU.ActiveCfg = Debug|Any CPU
		{6E416978-293A-4163-B1EC-20D5BD1EA912}.Debug|Any CPU.Build.0 = Debug|Any CPU
		{6E416978-293A-4163-B1EC-20D5BD1EA912}.Release|Any CPU.ActiveCfg = Release|Any CPU
		{6E416978-293A-4163-B1EC-20D5BD1EA912}.Release|Any CPU.Build.0 = Release|Any CPU
		{966C9EC2-9A4B-49B4-8FD5-15DD393CD74E}.Debug|Any CPU.ActiveCfg = Debug|Any CPU
		{966C9EC2-9A4B-49B4-8FD5-15DD393CD74E}.Debug|Any CPU.Build.0 = Debug|Any CPU
		{966C9EC2-9A4B-49B4-8FD5-15DD393CD74E}.Release|Any CPU.ActiveCfg = Release|Any CPU
		{966C9EC2-9A4B-49B4-8FD5-15DD393CD74E}.Release|Any CPU.Build.0 = Release|Any CPU
		{70883FFB-D906-45A1-86FA-5CCA2D41103E}.Debug|Any CPU.ActiveCfg = Debug|Any CPU
		{70883FFB-D906-45A1-86FA-5CCA2D41103E}.Debug|Any CPU.Build.0 = Debug|Any CPU
		{70883FFB-D906-45A1-86FA-5CCA2D41103E}.Release|Any CPU.ActiveCfg = Release|Any CPU
		{70883FFB-D906-45A1-86FA-5CCA2D41103E}.Release|Any CPU.Build.0 = Release|Any CPU
	EndGlobalSection
	GlobalSection(SolutionProperties) = preSolution
		HideSolutionNode = FALSE
	EndGlobalSection
	GlobalSection(NestedProjects) = preSolution
		{55E6C95F-EC8C-48FF-8DB6-C715580BEC83} = {80D63625-C9AC-4B29-9AF2-9977DF3D813D}
		{0FAA3E4B-246F-4977-94B6-407F72765EC4} = {BB34F700-D01E-40C1-B18D-6251D1A71ECF}
		{8EE122C7-9D70-45B1-8DF2-470D66AB4764} = {BB34F700-D01E-40C1-B18D-6251D1A71ECF}
		{065B46CA-80EC-4FD6-91B0-D6F6C3EF424F} = {BB34F700-D01E-40C1-B18D-6251D1A71ECF}
		{B00D3293-DA0D-4886-AE9C-6E260C6C8899} = {8EE122C7-9D70-45B1-8DF2-470D66AB4764}
		{920A71CE-2D17-4DC8-82BB-8ECBA1353761} = {8EE122C7-9D70-45B1-8DF2-470D66AB4764}
		{D3C54EA4-4BE4-478F-A531-A66ADA579BB0} = {8EE122C7-9D70-45B1-8DF2-470D66AB4764}
		{2DBB1B8E-D774-42ED-93E5-6CC693061A14} = {0FAA3E4B-246F-4977-94B6-407F72765EC4}
		{0C179CAD-7F5A-47CF-8EF0-728E5832A614} = {0FAA3E4B-246F-4977-94B6-407F72765EC4}
		{686E554A-102E-42F1-BF49-8F2D7A422145} = {065B46CA-80EC-4FD6-91B0-D6F6C3EF424F}
		{6E416978-293A-4163-B1EC-20D5BD1EA912} = {065B46CA-80EC-4FD6-91B0-D6F6C3EF424F}
		{966C9EC2-9A4B-49B4-8FD5-15DD393CD74E} = {46A069D2-4CB1-4BEC-BB4A-D399EBCB72C4}
		{70883FFB-D906-45A1-86FA-5CCA2D41103E} = {065B46CA-80EC-4FD6-91B0-D6F6C3EF424F}
	EndGlobalSection
	GlobalSection(ExtensibilityGlobals) = postSolution
		SolutionGuid = {591C85CE-9699-4DB6-9F9F-B010BAE7B552}
	EndGlobalSection
EndGlobal
