
Microsoft Visual Studio Solution File, Format Version 12.00
# Visual Studio Version 17
VisualStudioVersion = 17.4.33205.214
MinimumVisualStudioVersion = 10.0.40219.1
Project("{9A19103F-16F7-4668-BE54-9A1E7A4F7556}") = "WebAPI.Demo", "WebAPI.Demo\WebAPI.Demo.csproj", "{1CC72F2D-0728-4C8F-8F92-53174B70B5AB}"
EndProject
Project("{9A19103F-16F7-4668-BE54-9A1E7A4F7556}") = "RazorPage.Demo", "RazorPage.Demo\RazorPage.Demo.csproj", "{26662543-017D-4EA4-90A1-EF91100B7362}"
EndProject
Project("{9A19103F-16F7-4668-BE54-9A1E7A4F7556}") = "Blazor.Server.Demo", "Blazor.Server.Demo\Blazor.Server.Demo.csproj", "{397FDDF4-7A7E-4744-A638-B3406C7BC3FB}"
EndProject
Project("{9A19103F-16F7-4668-BE54-9A1E7A4F7556}") = "Models", "Models\Models.csproj", "{622E217E-FE31-44AF-ABDE-37D41BF153E0}"
EndProject
Project("{9A19103F-16F7-4668-BE54-9A1E7A4F7556}") = "Security", "Security\Security.csproj", "{D335F65C-0C47-4E29-92CD-022EF6C7A53A}"
EndProject
Project("{9A19103F-16F7-4668-BE54-9A1E7A4F7556}") = "WebAPI.JWT.Demo", "WebApi.JWT.Demo\WebAPI.JWT.Demo.csproj", "{84B13ECE-E1B2-4391-AE6B-981052F960B6}"
EndProject
Global
	GlobalSection(SolutionConfigurationPlatforms) = preSolution
		Debug|Any CPU = Debug|Any CPU
		Release|Any CPU = Release|Any CPU
	EndGlobalSection
	GlobalSection(ProjectConfigurationPlatforms) = postSolution
		{1CC72F2D-0728-4C8F-8F92-53174B70B5AB}.Debug|Any CPU.ActiveCfg = Debug|Any CPU
		{1CC72F2D-0728-4C8F-8F92-53174B70B5AB}.Debug|Any CPU.Build.0 = Debug|Any CPU
		{1CC72F2D-0728-4C8F-8F92-53174B70B5AB}.Release|Any CPU.ActiveCfg = Release|Any CPU
		{1CC72F2D-0728-4C8F-8F92-53174B70B5AB}.Release|Any CPU.Build.0 = Release|Any CPU
		{26662543-017D-4EA4-90A1-EF91100B7362}.Debug|Any CPU.ActiveCfg = Debug|Any CPU
		{26662543-017D-4EA4-90A1-EF91100B7362}.Debug|Any CPU.Build.0 = Debug|Any CPU
		{26662543-017D-4EA4-90A1-EF91100B7362}.Release|Any CPU.ActiveCfg = Release|Any CPU
		{26662543-017D-4EA4-90A1-EF91100B7362}.Release|Any CPU.Build.0 = Release|Any CPU
		{397FDDF4-7A7E-4744-A638-B3406C7BC3FB}.Debug|Any CPU.ActiveCfg = Debug|Any CPU
		{397FDDF4-7A7E-4744-A638-B3406C7BC3FB}.Debug|Any CPU.Build.0 = Debug|Any CPU
		{397FDDF4-7A7E-4744-A638-B3406C7BC3FB}.Release|Any CPU.ActiveCfg = Release|Any CPU
		{397FDDF4-7A7E-4744-A638-B3406C7BC3FB}.Release|Any CPU.Build.0 = Release|Any CPU
		{622E217E-FE31-44AF-ABDE-37D41BF153E0}.Debug|Any CPU.ActiveCfg = Debug|Any CPU
		{622E217E-FE31-44AF-ABDE-37D41BF153E0}.Debug|Any CPU.Build.0 = Debug|Any CPU
		{622E217E-FE31-44AF-ABDE-37D41BF153E0}.Release|Any CPU.ActiveCfg = Release|Any CPU
		{622E217E-FE31-44AF-ABDE-37D41BF153E0}.Release|Any CPU.Build.0 = Release|Any CPU
		{D335F65C-0C47-4E29-92CD-022EF6C7A53A}.Debug|Any CPU.ActiveCfg = Debug|Any CPU
		{D335F65C-0C47-4E29-92CD-022EF6C7A53A}.Debug|Any CPU.Build.0 = Debug|Any CPU
		{D335F65C-0C47-4E29-92CD-022EF6C7A53A}.Release|Any CPU.ActiveCfg = Release|Any CPU
		{D335F65C-0C47-4E29-92CD-022EF6C7A53A}.Release|Any CPU.Build.0 = Release|Any CPU
		{84B13ECE-E1B2-4391-AE6B-981052F960B6}.Debug|Any CPU.ActiveCfg = Debug|Any CPU
		{84B13ECE-E1B2-4391-AE6B-981052F960B6}.Debug|Any CPU.Build.0 = Debug|Any CPU
		{84B13ECE-E1B2-4391-AE6B-981052F960B6}.Release|Any CPU.ActiveCfg = Release|Any CPU
		{84B13ECE-E1B2-4391-AE6B-981052F960B6}.Release|Any CPU.Build.0 = Release|Any CPU
	EndGlobalSection
	GlobalSection(SolutionProperties) = preSolution
		HideSolutionNode = FALSE
	EndGlobalSection
	GlobalSection(ExtensibilityGlobals) = postSolution
		SolutionGuid = {BDD428A3-140F-40DF-A039-5FE8563EF8FA}
	EndGlobalSection
EndGlobal
