
Microsoft Visual Studio Solution File, Format Version 12.00
# Visual Studio Version 17
VisualStudioVersion = 17.4.33205.214
MinimumVisualStudioVersion = 10.0.40219.1
Project("{FAE04EC0-301F-11D3-BF4B-00C04F79EFBC}") = "Common", "Common\Common.csproj", "{5A8CE8D8-2497-4084-A0DB-83EF5966161C}"
EndProject
Project("{FAE04EC0-301F-11D3-BF4B-00C04F79EFBC}") = "WebAPI.Demo", "WebAPI.Demo\WebAPI.Demo.csproj", "{1CC72F2D-0728-4C8F-8F92-53174B70B5AB}"
EndProject
Global
	GlobalSection(SolutionConfigurationPlatforms) = preSolution
		Debug|Any CPU = Debug|Any CPU
		Release|Any CPU = Release|Any CPU
	EndGlobalSection
	GlobalSection(ProjectConfigurationPlatforms) = postSolution
		{5A8CE8D8-2497-4084-A0DB-83EF5966161C}.Debug|Any CPU.ActiveCfg = Debug|Any CPU
		{5A8CE8D8-2497-4084-A0DB-83EF5966161C}.Debug|Any CPU.Build.0 = Debug|Any CPU
		{5A8CE8D8-2497-4084-A0DB-83EF5966161C}.Release|Any CPU.ActiveCfg = Release|Any CPU
		{5A8CE8D8-2497-4084-A0DB-83EF5966161C}.Release|Any CPU.Build.0 = Release|Any CPU
		{1CC72F2D-0728-4C8F-8F92-53174B70B5AB}.Debug|Any CPU.ActiveCfg = Debug|Any CPU
		{1CC72F2D-0728-4C8F-8F92-53174B70B5AB}.Debug|Any CPU.Build.0 = Debug|Any CPU
		{1CC72F2D-0728-4C8F-8F92-53174B70B5AB}.Release|Any CPU.ActiveCfg = Release|Any CPU
		{1CC72F2D-0728-4C8F-8F92-53174B70B5AB}.Release|Any CPU.Build.0 = Release|Any CPU
	EndGlobalSection
	GlobalSection(SolutionProperties) = preSolution
		HideSolutionNode = FALSE
	EndGlobalSection
	GlobalSection(ExtensibilityGlobals) = postSolution
		SolutionGuid = {BDD428A3-140F-40DF-A039-5FE8563EF8FA}
	EndGlobalSection
EndGlobal
